# THIS IS AN AUTOGENERATED FILE. DO NOT EDIT THIS FILE DIRECTLY.
# yarn lockfile v1


"@hotwired/stimulus@^3.2.2":
  version "3.2.2"
  resolved "https://registry.yarnpkg.com/@hotwired/stimulus/-/stimulus-3.2.2.tgz#071aab59c600fed95b97939e605ff261a4251608"
  integrity sha512-eGeIqNOQpXoPAIP7tC1+1Yc1yl1xnwYqg+3mzqxyrbE5pg5YFBZcA6YoTiByJB6DKAEsiWtl6tjTJS4IYtbB7A==

"@hotwired/turbo-rails@^8.0.12":
  version "8.0.23"
  resolved "https://registry.yarnpkg.com/@hotwired/turbo-rails/-/turbo-rails-8.0.23.tgz#7a84ad041cb0f3e5d9ff97d1a1f0291550a93fc9"
  integrity sha512-iBILwda3qmQC7FYM70+4s6kEQ7Fx9dJ6+yGxjPyrz9a5JDx1+y7OAA5TA7GGVOZJoicMLrKGdFDNorl40X35lw==
  dependencies:
    "@hotwired/turbo" "^8.0.23"
    "@rails/actioncable" ">=7.0"

"@hotwired/turbo@^8.0.23":
  version "8.0.23"
  resolved "https://registry.yarnpkg.com/@hotwired/turbo/-/turbo-8.0.23.tgz#a6eebc9ab4a5faadae265a4cbec8cfcb5731e77c"
  integrity sha512-GZ7cijxEZ6Ig71u7rD6LHaRv/wcE/hNsc+nEfiWOkLNqUgLOwo5MNGWOy5ZV9ZUDSiQx1no7YxjTNnT4O6//cQ==

"@rails/actioncable@>=7.0":
  version "8.1.200"
  resolved "https://registry.yarnpkg.com/@rails/actioncable/-/actioncable-8.1.200.tgz#acecf74ab4846144eefdbc16618786df0cebedf9"
  integrity sha512-on0DSb7AFUkq1ocxivDNQhhGW/RQpY91zvRVyyaEWP4gOOZWy33P/UyxjQk74IENWNrTqs8+zOGHwTjiiFruRw==

sortablejs@^1.15.6:
  version "1.15.7"
  resolved "https://registry.yarnpkg.com/sortablejs/-/sortablejs-1.15.7.tgz#83a0bddc472117ee328dea20b2e6f490fed20f86"
  integrity sha512-Kk8wLQPlS+yi1ZEf48a4+fzHa4yxjC30M/Sr2AnQu+f/MPwvvX9XjZ6OWejiz8crBsLwSq8GHqaxaET7u6ux0A==
